// !$*UTF8*$!
{
	archiveVersion = 1;
	classes = {
	};
	objectVersion = 56;
	objects = {

/* Begin PBXBuildFile section */
		C0B0F0CF2A49D2CA004E7BC0 /* DoorConnector.swift in Sources */ = {isa = PBXBuildFile; fileRef = C0B0F0CE2A49D2CA004E7BC0 /* DoorConnector.swift */; };
		C0B0F0D12A49D6E0004E7BC0 /* Constants.swift in Sources */ = {isa = PBXBuildFile; fileRef = C0B0F0D02A49D6E0004E7BC0 /* Constants.swift */; };
		C0B2242B2A41BC96008B771A /* MagicLockApp.swift in Sources */ = {isa = PBXBuildFile; fileRef = C0B2242A2A41BC96008B771A /* MagicLockApp.swift */; };
		C0B2242D2A41BC96008B771A /* ContentView.swift in Sources */ = {isa = PBXBuildFile; fileRef = C0B2242C2A41BC96008B771A /* ContentView.swift */; };
		C0B2242F2A41BC97008B771A /* Assets.xcassets in Resources */ = {isa = PBXBuildFile; fileRef = C0B2242E2A41BC97008B771A /* Assets.xcassets */; };
		C0B224322A41BC97008B771A /* Preview Assets.xcassets in Resources */ = {isa = PBXBuildFile; fileRef = C0B224312A41BC97008B771A /* Preview Assets.xcassets */; };
		C0B224392A41C2FC008B771A /* BTManager.swift in Sources */ = {isa = PBXBuildFile; fileRef = C0B224382A41C2FC008B771A /* BTManager.swift */; };
		C0FD762F2A49E69000467E6B /* NotificationManager.swift in Sources */ = {isa = PBXBuildFile; fileRef = C0FD762E2A49E69000467E6B /* NotificationManager.swift */; };
/* End PBXBuildFile section */

/* Begin PBXFileReference section */
		C0B0F0CE2A49D2CA004E7BC0 /* DoorConnector.swift */ = {isa = PBXFileReference; lastKnownFileType = sourcecode.swift; path = DoorConnector.swift; sourceTree = "<group>"; };
		C0B0F0D02A49D6E0004E7BC0 /* Constants.swift */ = {isa = PBXFileReference; lastKnownFileType = sourcecode.swift; path = Constants.swift; sourceTree = "<group>"; };
		C0B224272A41BC96008B771A /* MagicLockApp.app */ = {isa = PBXFileReference; explicitFileType = wrapper.application; includeInIndex = 0; path = MagicLockApp.app; sourceTree = BUILT_PRODUCTS_DIR; };
		C0B2242A2A41BC96008B771A /* MagicLockApp.swift */ = {isa = PBXFileReference; lastKnownFileType = sourcecode.swift; path = MagicLockApp.swift; sourceTree = "<group>"; };
		C0B2242C2A41BC96008B771A /* ContentView.swift */ = {isa = PBXFileReference; lastKnownFileType = sourcecode.swift; path = ContentView.swift; sourceTree = "<group>"; };
		C0B2242E2A41BC97008B771A /* Assets.xcassets */ = {isa = PBXFileReference; lastKnownFileType = folder.assetcatalog; path = Assets.xcassets; sourceTree = "<group>"; };
		C0B224312A41BC97008B771A /* Preview Assets.xcassets */ = {isa = PBXFileReference; lastKnownFileType = folder.assetcatalog; path = "Preview Assets.xcassets"; sourceTree = "<group>"; };
		C0B224382A41C2FC008B771A /* BTManager.swift */ = {isa = PBXFileReference; lastKnownFileType = sourcecode.swift; path = BTManager.swift; sourceTree = "<group>"; };
		C0B2243A2A41C6D5008B771A /* Info.plist */ = {isa = PBXFileReference; lastKnownFileType = text.plist; path = Info.plist; sourceTree = "<group>"; };
		C0FD762E2A49E69000467E6B /* NotificationManager.swift */ = {isa = PBXFileReference; lastKnownFileType = sourcecode.swift; path = NotificationManager.swift; sourceTree = "<group>"; };
/* End PBXFileReference section */

/* Begin PBXFrameworksBuildPhase section */
		C0B224242A41BC96008B771A /* Frameworks */ = {
			isa = PBXFrameworksBuildPhase;
			buildActionMask = 2147483647;
			files = (
			);
			runOnlyForDeploymentPostprocessing = 0;
		};
/* End PBXFrameworksBuildPhase section */

/* Begin PBXGroup section */
		C0B2241E2A41BC96008B771A = {
			isa = PBXGroup;
			children = (
				C0B224292A41BC96008B771A /* MagicLockApp */,
				C0B224282A41BC96008B771A /* Products */,
			);
			sourceTree = "<group>";
		};
		C0B224282A41BC96008B771A /* Products */ = {
			isa = PBXGroup;
			children = (
				C0B224272A41BC96008B771A /* MagicLockApp.app */,
			);
			name = Products;
			sourceTree = "<group>";
		};
		C0B224292A41BC96008B771A /* MagicLockApp */ = {
			isa = PBXGroup;
			children = (
				C0B2243A2A41C6D5008B771A /* Info.plist */,
				C0B2242A2A41BC96008B771A /* MagicLockApp.swift */,
				C0FD762E2A49E69000467E6B /* NotificationManager.swift */,
				C0B2242C2A41BC96008B771A /* ContentView.swift */,
				C0B224382A41C2FC008B771A /* BTManager.swift */,
				C0B0F0CE2A49D2CA004E7BC0 /* DoorConnector.swift */,
				C0B0F0D02A49D6E0004E7BC0 /* Constants.swift */,
				C0B2242E2A41BC97008B771A /* Assets.xcassets */,
				C0B224302A41BC97008B771A /* Preview Content */,
			);
			path = MagicLockApp;
			sourceTree = "<group>";
		};
		C0B224302A41BC97008B771A /* Preview Content */ = {
			isa = PBXGroup;
			children = (
				C0B224312A41BC97008B771A /* Preview Assets.xcassets */,
			);
			path = "Preview Content";
			sourceTree = "<group>";
		};
/* End PBXGroup section */

/* Begin PBXNativeTarget section */
		C0B224262A41BC96008B771A /* MagicLockApp */ = {
			isa = PBXNativeTarget;
			buildConfigurationList = C0B224352A41BC97008B771A /* Build configuration list for PBXNativeTarget "MagicLockApp" */;
			buildPhases = (
				C0B224232A41BC96008B771A /* Sources */,
				C0B224242A41BC96008B771A /* Frameworks */,
				C0B224252A41BC96008B771A /* Resources */,
			);
			buildRules = (
			);
			dependencies = (
			);
			name = MagicLockApp;
			productName = MagicLockApp;
			productReference = C0B224272A41BC96008B771A /* MagicLockApp.app */;
			productType = "com.apple.product-type.application";
		};
/* End PBXNativeTarget section */

/* Begin PBXProject section */
		C0B2241F2A41BC96008B771A /* Project object */ = {
			isa = PBXProject;
			attributes = {
				BuildIndependentTargetsInParallel = 1;
				LastSwiftUpdateCheck = 1430;
				LastUpgradeCheck = 1430;
				TargetAttributes = {
					C0B224262A41BC96008B771A = {
						CreatedOnToolsVersion = 14.3;
					};
				};
			};
			buildConfigurationList = C0B224222A41BC96008B771A /* Build configuration list for PBXProject "MagicLockApp" */;
			compatibilityVersion = "Xcode 14.0";
			developmentRegion = en;
			hasScannedForEncodings = 0;
			knownRegions = (
				en,
				Base,
			);
			mainGroup = C0B2241E2A41BC96008B771A;
			productRefGroup = C0B224282A41BC96008B771A /* Products */;
			projectDirPath = "";
			projectRoot = "";
			targets = (
				C0B224262A41BC96008B771A /* MagicLockApp */,
			);
		};
/* End PBXProject section */

/* Begin PBXResourcesBuildPhase section */
		C0B224252A41BC96008B771A /* Resources */ = {
			isa = PBXResourcesBuildPhase;
			buildActionMask = 2147483647;
			files = (
				C0B224322A41BC97008B771A /* Preview Assets.xcassets in Resources */,
				C0B2242F2A41BC97008B771A /* Assets.xcassets in Resources */,
			);
			runOnlyForDeploymentPostprocessing = 0;
		};
/* End PBXResourcesBuildPhase section */

/* Begin PBXSourcesBuildPhase section */
		C0B224232A41BC96008B771A /* Sources */ = {
			isa = PBXSourcesBuildPhase;
			buildActionMask = 2147483647;
			files = (
				C0FD762F2A49E69000467E6B /* NotificationManager.swift in Sources */,
				C0B0F0D12A49D6E0004E7BC0 /* Constants.swift in Sources */,
				C0B2242D2A41BC96008B771A /* ContentView.swift in Sources */,
				C0B0F0CF2A49D2CA004E7BC0 /* DoorConnector.swift in Sources */,
				C0B2242B2A41BC96008B771A /* MagicLockApp.swift in Sources */,
				C0B224392A41C2FC008B771A /* BTManager.swift in Sources */,
			);
			runOnlyForDeploymentPostprocessing = 0;
		};
/* End PBXSourcesBuildPhase section */

/* Begin XCBuildConfiguration section */
		C0B224332A41BC97008B771A /* Debug */ = {
			isa = XCBuildConfiguration;
			buildSettings = {
				ALWAYS_SEARCH_USER_PATHS = NO;
				CLANG_ANALYZER_NONNULL = YES;
				CLANG_ANALYZER_NUMBER_OBJECT_CONVERSION = YES_AGGRESSIVE;
				CLANG_CXX_LANGUAGE_STANDARD = "gnu++20";
				CLANG_ENABLE_MODULES = YES;
				CLANG_ENABLE_OBJC_ARC = YES;
				CLANG_ENABLE_OBJC_WEAK = YES;
				CLANG_WARN_BLOCK_CAPTURE_AUTORELEASING = YES;
				CLANG_WARN_BOOL_CONVERSION = YES;
				CLANG_WARN_COMMA = YES;
				CLANG_WARN_CONSTANT_CONVERSION = YES;
				CLANG_WARN_DEPRECATED_OBJC_IMPLEMENTATIONS = YES;
				CLANG_WARN_DIRECT_OBJC_ISA_USAGE = YES_ERROR;
				CLANG_WARN_DOCUMENTATION_COMMENTS = YES;
				CLANG_WARN_EMPTY_BODY = YES;
				CLANG_WARN_ENUM_CONVERSION = YES;
				CLANG_WARN_INFINITE_RECURSION = YES;
				CLANG_WARN_INT_CONVERSION = YES;
				CLANG_WARN_NON_LITERAL_NULL_CONVERSION = YES;
				CLANG_WARN_OBJC_IMPLICIT_RETAIN_SELF = YES;
				CLANG_WARN_OBJC_LITERAL_CONVERSION = YES;
				CLANG_WARN_OBJC_ROOT_CLASS = YES_ERROR;
				CLANG_WARN_QUOTED_INCLUDE_IN_FRAMEWORK_HEADER = YES;
				CLANG_WARN_RANGE_LOOP_ANALYSIS = YES;
				CLANG_WARN_STRICT_PROTOTYPES = YES;
				CLANG_WARN_SUSPICIOUS_MOVE = YES;
				CLANG_WARN_UNGUARDED_AVAILABILITY = YES_AGGRESSIVE;
				CLANG_WARN_UNREACHABLE_CODE = YES;
				CLANG_WARN__DUPLICATE_METHOD_MATCH = YES;
				COPY_PHASE_STRIP = NO;
				DEBUG_INFORMATION_FORMAT = dwarf;
				ENABLE_STRICT_OBJC_MSGSEND = YES;
				ENABLE_TESTABILITY = YES;
				GCC_C_LANGUAGE_STANDARD = gnu11;
				GCC_DYNAMIC_NO_PIC = NO;
				GCC_NO_COMMON_BLOCKS = YES;
				GCC_OPTIMIZATION_LEVEL = 0;
				GCC_PREPROCESSOR_DEFINITIONS = (
					"DEBUG=1",
					"$(inherited)",
				);
				GCC_WARN_64_TO_32_BIT_CONVERSION = YES;
				GCC_WARN_ABOUT_RETURN_TYPE = YES_ERROR;
				GCC_WARN_UNDECLARED_SELECTOR = YES;
				GCC_WARN_UNINITIALIZED_AUTOS = YES_AGGRESSIVE;
				GCC_WARN_UNUSED_FUNCTION = YES;
				GCC_WARN_UNUSED_VARIABLE = YES;
				IPHONEOS_DEPLOYMENT_TARGET = 16.4;
				MTL_ENABLE_DEBUG_INFO = INCLUDE_SOURCE;
				MTL_FAST_MATH = YES;
				ONLY_ACTIVE_ARCH = YES;
				SDKROOT = iphoneos;
				SWIFT_ACTIVE_COMPILATION_CONDITIONS = DEBUG;
				SWIFT_OPTIMIZATION_LEVEL = "-Onone";
			};
			name = Debug;
		};
		C0B224342A41BC97008B771A /* Release */ = {
			isa = XCBuildConfiguration;
			buildSettings = {
				ALWAYS_SEARCH_USER_PATHS = NO;
				CLANG_ANALYZER_NONNULL = YES;
				CLANG_ANALYZER_NUMBER_OBJECT_CONVERSION = YES_AGGRESSIVE;
				CLANG_CXX_LANGUAGE_STANDARD = "gnu++20";
				CLANG_ENABLE_MODULES = YES;
				CLANG_ENABLE_OBJC_ARC = YES;
				CLANG_ENABLE_OBJC_WEAK = YES;
				CLANG_WARN_BLOCK_CAPTURE_AUTORELEASING = YES;
				CLANG_WARN_BOOL_CONVERSION = YES;
				CLANG_WARN_COMMA = YES;
				CLANG_WARN_CONSTANT_CONVERSION = YES;
				CLANG_WARN_DEPRECATED_OBJC_IMPLEMENTATIONS = YES;
				CLANG_WARN_DIRECT_OBJC_ISA_USAGE = YES_ERROR;
				CLANG_WARN_DOCUMENTATION_COMMENTS = YES;
				CLANG_WARN_EMPTY_BODY = YES;
				CLANG_WARN_ENUM_CONVERSION = YES;
				CLANG_WARN_INFINITE_RECURSION = YES;
				CLANG_WARN_INT_CONVERSION = YES;
				CLANG_WARN_NON_LITERAL_NULL_CONVERSION = YES;
				CLANG_WARN_OBJC_IMPLICIT_RETAIN_SELF = YES;
				CLANG_WARN_OBJC_LITERAL_CONVERSION = YES;
				CLANG_WARN_OBJC_ROOT_CLASS = YES_ERROR;
				CLANG_WARN_QUOTED_INCLUDE_IN_FRAMEWORK_HEADER = YES;
				CLANG_WARN_RANGE_LOOP_ANALYSIS = YES;
				CLANG_WARN_STRICT_PROTOTYPES = YES;
				CLANG_WARN_SUSPICIOUS_MOVE = YES;
				CLANG_WARN_UNGUARDED_AVAILABILITY = YES_AGGRESSIVE;
				CLANG_WARN_UNREACHABLE_CODE = YES;
				CLANG_WARN__DUPLICATE_METHOD_MATCH = YES;
				COPY_PHASE_STRIP = NO;
				DEBUG_INFORMATION_FORMAT = "dwarf-with-dsym";
				ENABLE_NS_ASSERTIONS = NO;
				ENABLE_STRICT_OBJC_MSGSEND = YES;
				GCC_C_LANGUAGE_STANDARD = gnu11;
				GCC_NO_COMMON_BLOCKS = YES;
				GCC_WARN_64_TO_32_BIT_CONVERSION = YES;
				GCC_WARN_ABOUT_RETURN_TYPE = YES_ERROR;
				GCC_WARN_UNDECLARED_SELECTOR = YES;
				GCC_WARN_UNINITIALIZED_AUTOS = YES_AGGRESSIVE;
				GCC_WARN_UNUSED_FUNCTION = YES;
				GCC_WARN_UNUSED_VARIABLE = YES;
				IPHONEOS_DEPLOYMENT_TARGET = 16.4;
				MTL_ENABLE_DEBUG_INFO = NO;
				MTL_FAST_MATH = YES;
				SDKROOT = iphoneos;
				SWIFT_COMPILATION_MODE = wholemodule;
				SWIFT_OPTIMIZATION_LEVEL = "-O";
				VALIDATE_PRODUCT = YES;
			};
			name = Release;
		};
		C0B224362A41BC97008B771A /* Debug */ = {
			isa = XCBuildConfiguration;
			buildSettings = {
				ASSETCATALOG_COMPILER_APPICON_NAME = AppIcon;
				ASSETCATALOG_COMPILER_GLOBAL_ACCENT_COLOR_NAME = AccentColor;
				CODE_SIGN_STYLE = Automatic;
				CURRENT_PROJECT_VERSION = 1;
				DEVELOPMENT_ASSET_PATHS = "\"MagicLockApp/Preview Content\"";
				DEVELOPMENT_TEAM = S279DHCCVB;
				ENABLE_PREVIEWS = YES;
				GENERATE_INFOPLIST_FILE = YES;
				INFOPLIST_FILE = MagicLockApp/Info.plist;
				INFOPLIST_KEY_CFBundleDisplayName = MagicLock;
				INFOPLIST_KEY_NSBluetoothAlwaysUsageDescription = "We use BlueTooth";
				INFOPLIST_KEY_NSBluetoothPeripheralUsageDescription = "We use BLE";
				INFOPLIST_KEY_NSLocationAlwaysAndWhenInUseUsageDescription = "Scan for Beacon even in background";
				INFOPLIST_KEY_NSLocationWhenInUseUsageDescription = "Scan for Beacon when in use ";
				INFOPLIST_KEY_UIApplicationSceneManifest_Generation = YES;
				INFOPLIST_KEY_UIApplicationSupportsIndirectInputEvents = YES;
				INFOPLIST_KEY_UILaunchScreen_Generation = YES;
				INFOPLIST_KEY_UISupportedInterfaceOrientations_iPad = "UIInterfaceOrientationPortrait UIInterfaceOrientationPortraitUpsideDown UIInterfaceOrientationLandscapeLeft UIInterfaceOrientationLandscapeRight";
				INFOPLIST_KEY_UISupportedInterfaceOrientations_iPhone = "UIInterfaceOrientationPortrait UIInterfaceOrientationLandscapeLeft UIInterfaceOrientationLandscapeRight";
				LD_RUNPATH_SEARCH_PATHS = (
					"$(inherited)",
					"@executable_path/Frameworks",
				);
				MARKETING_VERSION = 1.0;
				PRODUCT_BUNDLE_IDENTIFIER = de.ifi.lmu.MagicLock;
				PRODUCT_NAME = "$(TARGET_NAME)";
				SWIFT_EMIT_LOC_STRINGS = YES;
				SWIFT_VERSION = 5.0;
				TARGETED_DEVICE_FAMILY = "1,2";
			};
			name = Debug;
		};
		C0B224372A41BC97008B771A /* Release */ = {
			isa = XCBuildConfiguration;
			buildSettings = {
				ASSETCATALOG_COMPILER_APPICON_NAME = AppIcon;
				ASSETCATALOG_COMPILER_GLOBAL_ACCENT_COLOR_NAME = AccentColor;
				CODE_SIGN_STYLE = Automatic;
				CURRENT_PROJECT_VERSION = 1;
				DEVELOPMENT_ASSET_PATHS = "\"MagicLockApp/Preview Content\"";
				DEVELOPMENT_TEAM = S279DHCCVB;
				ENABLE_PREVIEWS = YES;
				GENERATE_INFOPLIST_FILE = YES;
				INFOPLIST_FILE = MagicLockApp/Info.plist;
				INFOPLIST_KEY_CFBundleDisplayName = MagicLock;
				INFOPLIST_KEY_NSBluetoothAlwaysUsageDescription = "We use BlueTooth";
				INFOPLIST_KEY_NSBluetoothPeripheralUsageDescription = "We use BLE";
				INFOPLIST_KEY_NSLocationAlwaysAndWhenInUseUsageDescription = "Scan for Beacon even in background";
				INFOPLIST_KEY_NSLocationWhenInUseUsageDescription = "Scan for Beacon when in use ";
				INFOPLIST_KEY_UIApplicationSceneManifest_Generation = YES;
				INFOPLIST_KEY_UIApplicationSupportsIndirectInputEvents = YES;
				INFOPLIST_KEY_UILaunchScreen_Generation = YES;
				INFOPLIST_KEY_UISupportedInterfaceOrientations_iPad = "UIInterfaceOrientationPortrait UIInterfaceOrientationPortraitUpsideDown UIInterfaceOrientationLandscapeLeft UIInterfaceOrientationLandscapeRight";
				INFOPLIST_KEY_UISupportedInterfaceOrientations_iPhone = "UIInterfaceOrientationPortrait UIInterfaceOrientationLandscapeLeft UIInterfaceOrientationLandscapeRight";
				LD_RUNPATH_SEARCH_PATHS = (
					"$(inherited)",
					"@executable_path/Frameworks",
				);
				MARKETING_VERSION = 1.0;
				PRODUCT_BUNDLE_IDENTIFIER = de.ifi.lmu.MagicLock;
				PRODUCT_NAME = "$(TARGET_NAME)";
				SWIFT_EMIT_LOC_STRINGS = YES;
				SWIFT_VERSION = 5.0;
				TARGETED_DEVICE_FAMILY = "1,2";
			};
			name = Release;
		};
/* End XCBuildConfiguration section */

/* Begin XCConfigurationList section */
		C0B224222A41BC96008B771A /* Build configuration list for PBXProject "MagicLockApp" */ = {
			isa = XCConfigurationList;
			buildConfigurations = (
				C0B224332A41BC97008B771A /* Debug */,
				C0B224342A41BC97008B771A /* Release */,
			);
			defaultConfigurationIsVisible = 0;
			defaultConfigurationName = Release;
		};
		C0B224352A41BC97008B771A /* Build configuration list for PBXNativeTarget "MagicLockApp" */ = {
			isa = XCConfigurationList;
			buildConfigurations = (
				C0B224362A41BC97008B771A /* Debug */,
				C0B224372A41BC97008B771A /* Release */,
			);
			defaultConfigurationIsVisible = 0;
			defaultConfigurationName = Release;
		};
/* End XCConfigurationList section */
	};
	rootObject = C0B2241F2A41BC96008B771A /* Project object */;
}
